<?xml version="1.0" encoding="utf-8"?>
<Project ToolsVersion="4.0" xmlns="http://schemas.microsoft.com/developer/msbuild/2003">
  <ItemGroup>
    <Filter Include="Source Files">
      <UniqueIdentifier>{35173fef-7c28-4916-b6e4-48de61ed4af8}</UniqueIdentifier>
      <Extensions>cpp;c;cxx;rc;def;r;odl;idl;hpj;bat</Extensions>
    </Filter>
    <Filter Include="Header Files">
      <UniqueIdentifier>{c601d970-4feb-41ed-ae46-bdace2dbfd5d}</UniqueIdentifier>
      <Extensions>h;hpp;hxx;hm;inl</Extensions>
    </Filter>
    <Filter Include="Resource Files">
      <UniqueIdentifier>{485ce998-5b79-4f14-bf21-d77eb42b16ed}</UniqueIdentifier>
      <Extensions>ico;cur;bmp;dlg;rc2;rct;bin;rgs;gif;jpg;jpeg;jpe</Extensions>
    </Filter>
    <Filter Include="Header Files\core">
      <UniqueIdentifier>{4dfad55f-b569-4c3f-872d-7b273a7a79e7}</UniqueIdentifier>
    </Filter>
    <Filter Include="Header Files\view">
      <UniqueIdentifier>{a8668a78-abe8-4d03-997f-b73d913a12fb}</UniqueIdentifier>
    </Filter>
    <Filter Include="Source Files\core">
      <UniqueIdentifier>{4a2b4ef1-65c0-4b68-a6d0-c50ce34edaf8}</UniqueIdentifier>
    </Filter>
    <Filter Include="Source Files\view">
      <UniqueIdentifier>{79026af8-f66a-47ec-94a1-611a49ad30d6}</UniqueIdentifier>
    </Filter>
  </ItemGroup>
  <ItemGroup>
    <ClInclude Include="header\cgfthink.h">
      <Filter>Header Files</Filter>
    </ClInclude>
    <ClInclude Include="header\view\view_board.h">
      <Filter>Header Files\view</Filter>
    </ClInclude>
    <ClInclude Include="header\core\core_board.h">
      <Filter>Header Files\core</Filter>
    </ClInclude>
    <ClInclude Include="header\core\core_endgame.h">
      <Filter>Header Files\core</Filter>
    </ClInclude>
    <ClInclude Include="header\core\core_explain.h">
      <Filter>Header Files\core</Filter>
    </ClInclude>
    <ClInclude Include="header\core\core_ui.h">
      <Filter>Header Files\core</Filter>
    </ClInclude>
    <ClInclude Include="header\think.h">
      <Filter>Header Files</Filter>
    </ClInclude>
  </ItemGroup>
  <ItemGroup>
    <ClCompile Include="source\cgfthink.cpp">
      <Filter>Source Files</Filter>
    </ClCompile>
    <ClCompile Include="source\think.cpp">
      <Filter>Source Files</Filter>
    </ClCompile>
    <ClCompile Include="source\core\core_board.cpp">
      <Filter>Source Files\core</Filter>
    </ClCompile>
    <ClCompile Include="source\core\core_endgame.cpp">
      <Filter>Source Files\core</Filter>
    </ClCompile>
    <ClCompile Include="source\core\core_ui.cpp">
      <Filter>Source Files\core</Filter>
    </ClCompile>
    <ClCompile Include="source\view\view_board.cpp">
      <Filter>Source Files\view</Filter>
    </ClCompile>
  </ItemGroup>
</Project>