
Microsoft Visual Studio Solution File, Format Version 12.00
# Visual Studio Express 2012 for Windows Desktop
Project("{FAE04EC0-301F-11D3-BF4B-00C04F79EFBC}") = "CgfthinkCs", "CgfthinkCs\CgfthinkCs.csproj", "{417A5FC2-2769-4D46-A736-736872DFA241}"
EndProject
Global
	GlobalSection(SolutionConfigurationPlatforms) = preSolution
		Debug|Any CPU = Debug|Any CPU
		Release|Any CPU = Release|Any CPU
	EndGlobalSection
	GlobalSection(ProjectConfigurationPlatforms) = postSolution
		{417A5FC2-2769-4D46-A736-736872DFA241}.Debug|Any CPU.ActiveCfg = Debug|Any CPU
		{417A5FC2-2769-4D46-A736-736872DFA241}.Debug|Any CPU.Build.0 = Debug|Any CPU
		{417A5FC2-2769-4D46-A736-736872DFA241}.Release|Any CPU.ActiveCfg = Release|Any CPU
		{417A5FC2-2769-4D46-A736-736872DFA241}.Release|Any CPU.Build.0 = Release|Any CPU
	EndGlobalSection
	GlobalSection(SolutionProperties) = preSolution
		HideSolutionNode = FALSE
	EndGlobalSection
EndGlobal
