
Microsoft Visual Studio Solution File, Format Version 12.00
# Visual Studio Express 2012 for Windows Desktop
Project("{FAE04EC0-301F-11D3-BF4B-00C04F79EFBC}") = "SocketClient", "SocketClient\SocketClient.csproj", "{24F57766-62DB-4038-8C3E-EF0DC5755374}"
EndProject
Global
	GlobalSection(SolutionConfigurationPlatforms) = preSolution
		Debug|Any CPU = Debug|Any CPU
		Release|Any CPU = Release|Any CPU
	EndGlobalSection
	GlobalSection(ProjectConfigurationPlatforms) = postSolution
		{24F57766-62DB-4038-8C3E-EF0DC5755374}.Debug|Any CPU.ActiveCfg = Debug|Any CPU
		{24F57766-62DB-4038-8C3E-EF0DC5755374}.Debug|Any CPU.Build.0 = Debug|Any CPU
		{24F57766-62DB-4038-8C3E-EF0DC5755374}.Release|Any CPU.ActiveCfg = Release|Any CPU
		{24F57766-62DB-4038-8C3E-EF0DC5755374}.Release|Any CPU.Build.0 = Release|Any CPU
	EndGlobalSection
	GlobalSection(SolutionProperties) = preSolution
		HideSolutionNode = FALSE
	EndGlobalSection
EndGlobal
